// !$*UTF8*$!
{
	archiveVersion = 1;
	classes = {
	};
	objectVersion = 56;
	objects = {

/* Begin PBXBuildFile section */
		0607F514178B97152C91D19C /* SettingDetailRoute.swift in Sources */ = {isa = PBXBuildFile; fileRef = 10DE2AD3F4F3A5951607844C /* SettingDetailRoute.swift */; };
		06EF85E6158BC0F1F469110D /* AppCoordinator.swift in Sources */ = {isa = PBXBuildFile; fileRef = 0BA8FAA8001C582044EEFB26 /* AppCoordinator.swift */; };
		096D00124143BB6FBA6899EA /* AnyScreen.swift in Sources */ = {isa = PBXBuildFile; fileRef = 5B9A5A21987ABE4EA2619F8D /* AnyScreen.swift */; };
		12F21F7B92BD892852F09DC0 /* HomeCoordinator.swift in Sources */ = {isa = PBXBuildFile; fileRef = CD4B85BB26A6E0A43CD9F9D8 /* HomeCoordinator.swift */; };
		15AD74617E6C4F8187F43106 /* SettingDetailService.swift in Sources */ = {isa = PBXBuildFile; fileRef = 03F2CFB2E8DF32DA719E346E /* SettingDetailService.swift */; };
		15FCC3A565A25A68A83CD98B /* Preview Assets.xcassets in Resources */ = {isa = PBXBuildFile; fileRef = B5828CE40816759F694C0BEA /* Preview Assets.xcassets */; };
		1D0EDBB8C01B37158A771841 /* SettingsBuilder.swift in Sources */ = {isa = PBXBuildFile; fileRef = FEF59BBEA4B053EF2F83E1B7 /* SettingsBuilder.swift */; };
		23001D3BA7D1C762A87F0005 /* HomeViewModel.swift in Sources */ = {isa = PBXBuildFile; fileRef = 02F5F5DD50E6D7FBC7A880E5 /* HomeViewModel.swift */; };
		25F8166ECCDE99589C45ACD0 /* AnyIdentifiable.swift in Sources */ = {isa = PBXBuildFile; fileRef = 514FDCC955030D0335C21C50 /* AnyIdentifiable.swift */; };
		42A55E3A7CFAEA8D82CD7288 /* SettingsCoordinator.swift in Sources */ = {isa = PBXBuildFile; fileRef = AE4BFAC34FB9DF88C277CB7E /* SettingsCoordinator.swift */; };
		4343B7DDC1C4A4FF3C9F803D /* HomeView.swift in Sources */ = {isa = PBXBuildFile; fileRef = 77F413960ED2300134EB2B08 /* HomeView.swift */; };
		597BAFFFD123DEC64EAAA489 /* SettingDetailBuilder.swift in Sources */ = {isa = PBXBuildFile; fileRef = 7DE8061B005655CE22F3EB11 /* SettingDetailBuilder.swift */; };
		5EB104104B4CAC01569A8DAC /* SettingsViewModel.swift in Sources */ = {isa = PBXBuildFile; fileRef = 9AB77BCC20553F0CFDBF5C0D /* SettingsViewModel.swift */; };
		6C8B9FF3C5B7EF943E87B2AE /* AppNavigationKit in Frameworks */ = {isa = PBXBuildFile; productRef = 3922C4E11352353DF0D82BF0 /* AppNavigationKit */; };
		74EA89D5063DFF1F4921E48F /* AppDelegate.swift in Sources */ = {isa = PBXBuildFile; fileRef = 8CF7F1212E6BE0963A4BFACF /* AppDelegate.swift */; };
		77D4DC0C2CE4E9E6003CD013 /* RequestConfig.swift in Sources */ = {isa = PBXBuildFile; fileRef = 77D4DC0B2CE4E9E6003CD013 /* RequestConfig.swift */; };
		77D4DC122CE4F12E003CD013 /* UserRepositoryResponse.swift in Sources */ = {isa = PBXBuildFile; fileRef = 77D4DC112CE4F12E003CD013 /* UserRepositoryResponse.swift */; };
		7C2DF7117C4A58FE10A9BBDA /* SettingDetailView.swift in Sources */ = {isa = PBXBuildFile; fileRef = 5C097CD55C9AE361E23714B2 /* SettingDetailView.swift */; };
		99406EEB6F2041CA33AA2FDD /* HomeService.swift in Sources */ = {isa = PBXBuildFile; fileRef = 81EEFCCB5A721CF9E2849575 /* HomeService.swift */; };
		99E550753F24D45E234A7F2D /* NetworkKit in Frameworks */ = {isa = PBXBuildFile; productRef = D701B92348609FE8E8E7EA70 /* NetworkKit */; };
		A2871D24581AF1FF12E715D7 /* AppCoordinatorProtocol.swift in Sources */ = {isa = PBXBuildFile; fileRef = CAA143943B7191FA00AE06F3 /* AppCoordinatorProtocol.swift */; };
		ACDF6E5F0EBC9062224676ED /* SettingsService.swift in Sources */ = {isa = PBXBuildFile; fileRef = EFCAA133E5BB3C415AC3DEFA /* SettingsService.swift */; };
		B69C91C562E95DC1877D0CCD /* Assets.xcassets in Resources */ = {isa = PBXBuildFile; fileRef = D05A196C3C32F8E585958F67 /* Assets.xcassets */; };
		C0B3D23A8BE2191763CB4D97 /* HomeBuilder.swift in Sources */ = {isa = PBXBuildFile; fileRef = F85AC46F230D2EF1BB49B83C /* HomeBuilder.swift */; };
		C353A445D97FCB87A03F5C5E /* SettingsRoute.swift in Sources */ = {isa = PBXBuildFile; fileRef = 9FC9D94A1AF9602CD599C119 /* SettingsRoute.swift */; };
		C9AF70CCFA887C972E3EB7B5 /* HomeRoute.swift in Sources */ = {isa = PBXBuildFile; fileRef = BADF55B14E40B44B464ECE67 /* HomeRoute.swift */; };
		C9C67762E0E34C69B51BB8CE /* SettingDetailCoordinator.swift in Sources */ = {isa = PBXBuildFile; fileRef = EEA8B8CD38C4A5582CEF6E00 /* SettingDetailCoordinator.swift */; };
		CB7CBA68D6535FE3CC7195F2 /* LaunchScreen.storyboard in Resources */ = {isa = PBXBuildFile; fileRef = 33DFA3B1CA6BD848D7007174 /* LaunchScreen.storyboard */; };
		D7D4508742C9FF56A1335960 /* AppCoordinatorView.swift in Sources */ = {isa = PBXBuildFile; fileRef = A9A5446B50CF73A3A08EFF04 /* AppCoordinatorView.swift */; };
		DC58F41C711D0DBF4B68B516 /* UtilKit in Frameworks */ = {isa = PBXBuildFile; productRef = FD51DB1891D6E1AE6F40EC30 /* UtilKit */; };
		E0917D89DF68CC646BCA786F /* SwiftUI_templateApp.swift in Sources */ = {isa = PBXBuildFile; fileRef = FD0F3645C99204254CDB219A /* SwiftUI_templateApp.swift */; };
		EC98B51A236ADBBF783BD757 /* SettingDetailViewModel.swift in Sources */ = {isa = PBXBuildFile; fileRef = AB9088B19E00F655CCEBD30B /* SettingDetailViewModel.swift */; };
		F76377D390B1E98E3B920700 /* SettingsView.swift in Sources */ = {isa = PBXBuildFile; fileRef = DFD37D39E21FA0DDADE83FC6 /* SettingsView.swift */; };
/* End PBXBuildFile section */

/* Begin PBXFileReference section */
		02F5F5DD50E6D7FBC7A880E5 /* HomeViewModel.swift */ = {isa = PBXFileReference; lastKnownFileType = sourcecode.swift; path = HomeViewModel.swift; sourceTree = "<group>"; };
		03F2CFB2E8DF32DA719E346E /* SettingDetailService.swift */ = {isa = PBXFileReference; lastKnownFileType = sourcecode.swift; path = SettingDetailService.swift; sourceTree = "<group>"; };
		0BA8FAA8001C582044EEFB26 /* AppCoordinator.swift */ = {isa = PBXFileReference; lastKnownFileType = sourcecode.swift; path = AppCoordinator.swift; sourceTree = "<group>"; };
		10DE2AD3F4F3A5951607844C /* SettingDetailRoute.swift */ = {isa = PBXFileReference; lastKnownFileType = sourcecode.swift; path = SettingDetailRoute.swift; sourceTree = "<group>"; };
		33DFA3B1CA6BD848D7007174 /* LaunchScreen.storyboard */ = {isa = PBXFileReference; lastKnownFileType = file.storyboard; path = LaunchScreen.storyboard; sourceTree = "<group>"; };
		514FDCC955030D0335C21C50 /* AnyIdentifiable.swift */ = {isa = PBXFileReference; lastKnownFileType = sourcecode.swift; path = AnyIdentifiable.swift; sourceTree = "<group>"; };
		5B9A5A21987ABE4EA2619F8D /* AnyScreen.swift */ = {isa = PBXFileReference; lastKnownFileType = sourcecode.swift; path = AnyScreen.swift; sourceTree = "<group>"; };
		5C097CD55C9AE361E23714B2 /* SettingDetailView.swift */ = {isa = PBXFileReference; lastKnownFileType = sourcecode.swift; path = SettingDetailView.swift; sourceTree = "<group>"; };
		6E94E36976A99EEC00018F76 /* UtilKit */ = {isa = PBXFileReference; lastKnownFileType = folder; name = UtilKit; path = Packages/UtilKit; sourceTree = SOURCE_ROOT; };
		77D4DC0B2CE4E9E6003CD013 /* RequestConfig.swift */ = {isa = PBXFileReference; lastKnownFileType = sourcecode.swift; path = RequestConfig.swift; sourceTree = "<group>"; };
		77D4DC112CE4F12E003CD013 /* UserRepositoryResponse.swift */ = {isa = PBXFileReference; lastKnownFileType = sourcecode.swift; path = UserRepositoryResponse.swift; sourceTree = "<group>"; };
		77F413960ED2300134EB2B08 /* HomeView.swift */ = {isa = PBXFileReference; lastKnownFileType = sourcecode.swift; path = HomeView.swift; sourceTree = "<group>"; };
		7DE8061B005655CE22F3EB11 /* SettingDetailBuilder.swift */ = {isa = PBXFileReference; lastKnownFileType = sourcecode.swift; path = SettingDetailBuilder.swift; sourceTree = "<group>"; };
		81EEFCCB5A721CF9E2849575 /* HomeService.swift */ = {isa = PBXFileReference; lastKnownFileType = sourcecode.swift; path = HomeService.swift; sourceTree = "<group>"; };
		84D76AD8883CC8361425BA2B /* NetworkKit */ = {isa = PBXFileReference; lastKnownFileType = folder; name = NetworkKit; path = Packages/NetworkKit; sourceTree = SOURCE_ROOT; };
		8CF7F1212E6BE0963A4BFACF /* AppDelegate.swift */ = {isa = PBXFileReference; lastKnownFileType = sourcecode.swift; path = AppDelegate.swift; sourceTree = "<group>"; };
		8FB0AA18D7019C7F6F248C4C /* ProjectTemplate.app */ = {isa = PBXFileReference; explicitFileType = wrapper.application; includeInIndex = 0; path = ProjectTemplate.app; sourceTree = BUILT_PRODUCTS_DIR; };
		9AB77BCC20553F0CFDBF5C0D /* SettingsViewModel.swift */ = {isa = PBXFileReference; lastKnownFileType = sourcecode.swift; path = SettingsViewModel.swift; sourceTree = "<group>"; };
		9FC9D94A1AF9602CD599C119 /* SettingsRoute.swift */ = {isa = PBXFileReference; lastKnownFileType = sourcecode.swift; path = SettingsRoute.swift; sourceTree = "<group>"; };
		A7ADA9C172D12765581417F5 /* AppNavigationKit */ = {isa = PBXFileReference; lastKnownFileType = folder; name = AppNavigationKit; path = Packages/AppNavigationKit; sourceTree = SOURCE_ROOT; };
		A9A5446B50CF73A3A08EFF04 /* AppCoordinatorView.swift */ = {isa = PBXFileReference; lastKnownFileType = sourcecode.swift; path = AppCoordinatorView.swift; sourceTree = "<group>"; };
		AB9088B19E00F655CCEBD30B /* SettingDetailViewModel.swift */ = {isa = PBXFileReference; lastKnownFileType = sourcecode.swift; path = SettingDetailViewModel.swift; sourceTree = "<group>"; };
		AE4BFAC34FB9DF88C277CB7E /* SettingsCoordinator.swift */ = {isa = PBXFileReference; lastKnownFileType = sourcecode.swift; path = SettingsCoordinator.swift; sourceTree = "<group>"; };
		B5828CE40816759F694C0BEA /* Preview Assets.xcassets */ = {isa = PBXFileReference; lastKnownFileType = folder.assetcatalog; path = "Preview Assets.xcassets"; sourceTree = "<group>"; };
		BADF55B14E40B44B464ECE67 /* HomeRoute.swift */ = {isa = PBXFileReference; lastKnownFileType = sourcecode.swift; path = HomeRoute.swift; sourceTree = "<group>"; };
		CAA143943B7191FA00AE06F3 /* AppCoordinatorProtocol.swift */ = {isa = PBXFileReference; lastKnownFileType = sourcecode.swift; path = AppCoordinatorProtocol.swift; sourceTree = "<group>"; };
		CD4B85BB26A6E0A43CD9F9D8 /* HomeCoordinator.swift */ = {isa = PBXFileReference; lastKnownFileType = sourcecode.swift; path = HomeCoordinator.swift; sourceTree = "<group>"; };
		D05A196C3C32F8E585958F67 /* Assets.xcassets */ = {isa = PBXFileReference; lastKnownFileType = folder.assetcatalog; path = Assets.xcassets; sourceTree = "<group>"; };
		D61A9E574BCA3D1E9249F94B /* prd.xcconfig */ = {isa = PBXFileReference; lastKnownFileType = text.xcconfig; path = prd.xcconfig; sourceTree = "<group>"; };
		DFD37D39E21FA0DDADE83FC6 /* SettingsView.swift */ = {isa = PBXFileReference; lastKnownFileType = sourcecode.swift; path = SettingsView.swift; sourceTree = "<group>"; };
		EEA8B8CD38C4A5582CEF6E00 /* SettingDetailCoordinator.swift */ = {isa = PBXFileReference; lastKnownFileType = sourcecode.swift; path = SettingDetailCoordinator.swift; sourceTree = "<group>"; };
		EFCAA133E5BB3C415AC3DEFA /* SettingsService.swift */ = {isa = PBXFileReference; lastKnownFileType = sourcecode.swift; path = SettingsService.swift; sourceTree = "<group>"; };
		F85AC46F230D2EF1BB49B83C /* HomeBuilder.swift */ = {isa = PBXFileReference; lastKnownFileType = sourcecode.swift; path = HomeBuilder.swift; sourceTree = "<group>"; };
		FD0F3645C99204254CDB219A /* SwiftUI_templateApp.swift */ = {isa = PBXFileReference; lastKnownFileType = sourcecode.swift; path = SwiftUI_templateApp.swift; sourceTree = "<group>"; };
		FEF59BBEA4B053EF2F83E1B7 /* SettingsBuilder.swift */ = {isa = PBXFileReference; lastKnownFileType = sourcecode.swift; path = SettingsBuilder.swift; sourceTree = "<group>"; };
		FF09B246AF7C9655E4C53262 /* dev.xcconfig */ = {isa = PBXFileReference; lastKnownFileType = text.xcconfig; path = dev.xcconfig; sourceTree = "<group>"; };
/* End PBXFileReference section */

/* Begin PBXFrameworksBuildPhase section */
		AFAF320823A4AD94678DC6CE /* Frameworks */ = {
			isa = PBXFrameworksBuildPhase;
			buildActionMask = 2147483647;
			files = (
				6C8B9FF3C5B7EF943E87B2AE /* AppNavigationKit in Frameworks */,
				DC58F41C711D0DBF4B68B516 /* UtilKit in Frameworks */,
				99E550753F24D45E234A7F2D /* NetworkKit in Frameworks */,
			);
			runOnlyForDeploymentPostprocessing = 0;
		};
/* End PBXFrameworksBuildPhase section */

/* Begin PBXGroup section */
		005B95417A88C39FD28CF8BB /* ProjectTemplate */ = {
			isa = PBXGroup;
			children = (
				77D4DC092CE4E92E003CD013 /* Core */,
				FB64E3A7C2EE2C2019CE9535 /* Application */,
				8C3B710F613683133967C8E1 /* Modules */,
				394F96C6B2C8132165227F95 /* Preview Content */,
			);
			path = ProjectTemplate;
			sourceTree = "<group>";
		};
		06C8DF113D29BF02C887A299 /* Resources */ = {
			isa = PBXGroup;
			children = (
				D05A196C3C32F8E585958F67 /* Assets.xcassets */,
				33DFA3B1CA6BD848D7007174 /* LaunchScreen.storyboard */,
			);
			path = Resources;
			sourceTree = "<group>";
		};
		394F96C6B2C8132165227F95 /* Preview Content */ = {
			isa = PBXGroup;
			children = (
				B5828CE40816759F694C0BEA /* Preview Assets.xcassets */,
			);
			path = "Preview Content";
			sourceTree = "<group>";
		};
		3E28FE1C9483F924BE59E6AD /* AppCoordinator */ = {
			isa = PBXGroup;
			children = (
				514FDCC955030D0335C21C50 /* AnyIdentifiable.swift */,
				5B9A5A21987ABE4EA2619F8D /* AnyScreen.swift */,
				0BA8FAA8001C582044EEFB26 /* AppCoordinator.swift */,
				CAA143943B7191FA00AE06F3 /* AppCoordinatorProtocol.swift */,
				A9A5446B50CF73A3A08EFF04 /* AppCoordinatorView.swift */,
			);
			path = AppCoordinator;
			sourceTree = "<group>";
		};
		6541798260901698A092B41A = {
			isa = PBXGroup;
			children = (
				B63B91B1EF6CEB21E8A78ED7 /* Config */,
				D9CEFDFC24D4807331894192 /* Packages */,
				005B95417A88C39FD28CF8BB /* ProjectTemplate */,
				BA9A0B0FBEC4AA5DB2B70728 /* Products */,
			);
			sourceTree = "<group>";
		};
		77D4DC092CE4E92E003CD013 /* Core */ = {
			isa = PBXGroup;
			children = (
				77D4DC0A2CE4E9D1003CD013 /* Network */,
			);
			path = Core;
			sourceTree = "<group>";
		};
		77D4DC0A2CE4E9D1003CD013 /* Network */ = {
			isa = PBXGroup;
			children = (
				77D4DC0B2CE4E9E6003CD013 /* RequestConfig.swift */,
			);
			path = Network;
			sourceTree = "<group>";
		};
		77D4DC0D2CE4F0D6003CD013 /* Presentation */ = {
			isa = PBXGroup;
			children = (
				77F413960ED2300134EB2B08 /* HomeView.swift */,
				02F5F5DD50E6D7FBC7A880E5 /* HomeViewModel.swift */,
			);
			path = Presentation;
			sourceTree = "<group>";
		};
		77D4DC0E2CE4F0F0003CD013 /* Navigation */ = {
			isa = PBXGroup;
			children = (
				BADF55B14E40B44B464ECE67 /* HomeRoute.swift */,
				CD4B85BB26A6E0A43CD9F9D8 /* HomeCoordinator.swift */,
			);
			path = Navigation;
			sourceTree = "<group>";
		};
		77D4DC0F2CE4F104003CD013 /* Service */ = {
			isa = PBXGroup;
			children = (
				77D4DC102CE4F117003CD013 /* Response */,
				81EEFCCB5A721CF9E2849575 /* HomeService.swift */,
			);
			path = Service;
			sourceTree = "<group>";
		};
		77D4DC102CE4F117003CD013 /* Response */ = {
			isa = PBXGroup;
			children = (
				77D4DC112CE4F12E003CD013 /* UserRepositoryResponse.swift */,
			);
			path = Response;
			sourceTree = "<group>";
		};
		8C3B710F613683133967C8E1 /* Modules */ = {
			isa = PBXGroup;
			children = (
				E7D65CDA7DAAF09FAB10BEEF /* Home */,
				904F6B62BDF1F702D71F4DBC /* SettingDetail */,
				DCC10C3F8C30A0E7C7D49CCE /* Settings */,
			);
			path = Modules;
			sourceTree = "<group>";
		};
		904F6B62BDF1F702D71F4DBC /* SettingDetail */ = {
			isa = PBXGroup;
			children = (
				7DE8061B005655CE22F3EB11 /* SettingDetailBuilder.swift */,
				EEA8B8CD38C4A5582CEF6E00 /* SettingDetailCoordinator.swift */,
				10DE2AD3F4F3A5951607844C /* SettingDetailRoute.swift */,
				03F2CFB2E8DF32DA719E346E /* SettingDetailService.swift */,
				5C097CD55C9AE361E23714B2 /* SettingDetailView.swift */,
				AB9088B19E00F655CCEBD30B /* SettingDetailViewModel.swift */,
			);
			path = SettingDetail;
			sourceTree = "<group>";
		};
		B63B91B1EF6CEB21E8A78ED7 /* Config */ = {
			isa = PBXGroup;
			children = (
				FF09B246AF7C9655E4C53262 /* dev.xcconfig */,
				D61A9E574BCA3D1E9249F94B /* prd.xcconfig */,
			);
			path = Config;
			sourceTree = "<group>";
		};
		BA9A0B0FBEC4AA5DB2B70728 /* Products */ = {
			isa = PBXGroup;
			children = (
				8FB0AA18D7019C7F6F248C4C /* ProjectTemplate.app */,
			);
			name = Products;
			sourceTree = "<group>";
		};
		D9CEFDFC24D4807331894192 /* Packages */ = {
			isa = PBXGroup;
			children = (
				A7ADA9C172D12765581417F5 /* AppNavigationKit */,
				84D76AD8883CC8361425BA2B /* NetworkKit */,
				6E94E36976A99EEC00018F76 /* UtilKit */,
			);
			path = Packages;
			sourceTree = "<group>";
		};
		DCC10C3F8C30A0E7C7D49CCE /* Settings */ = {
			isa = PBXGroup;
			children = (
				FEF59BBEA4B053EF2F83E1B7 /* SettingsBuilder.swift */,
				AE4BFAC34FB9DF88C277CB7E /* SettingsCoordinator.swift */,
				9FC9D94A1AF9602CD599C119 /* SettingsRoute.swift */,
				EFCAA133E5BB3C415AC3DEFA /* SettingsService.swift */,
				DFD37D39E21FA0DDADE83FC6 /* SettingsView.swift */,
				9AB77BCC20553F0CFDBF5C0D /* SettingsViewModel.swift */,
			);
			path = Settings;
			sourceTree = "<group>";
		};
		E7D65CDA7DAAF09FAB10BEEF /* Home */ = {
			isa = PBXGroup;
			children = (
				F85AC46F230D2EF1BB49B83C /* HomeBuilder.swift */,
				77D4DC0F2CE4F104003CD013 /* Service */,
				77D4DC0E2CE4F0F0003CD013 /* Navigation */,
				77D4DC0D2CE4F0D6003CD013 /* Presentation */,
			);
			path = Home;
			sourceTree = "<group>";
		};
		FB64E3A7C2EE2C2019CE9535 /* Application */ = {
			isa = PBXGroup;
			children = (
				8CF7F1212E6BE0963A4BFACF /* AppDelegate.swift */,
				FD0F3645C99204254CDB219A /* SwiftUI_templateApp.swift */,
				3E28FE1C9483F924BE59E6AD /* AppCoordinator */,
				06C8DF113D29BF02C887A299 /* Resources */,
			);
			path = Application;
			sourceTree = "<group>";
		};
/* End PBXGroup section */

/* Begin PBXNativeTarget section */
		5DF585EED21D568097D8CF94 /* ProjectTemplate */ = {
			isa = PBXNativeTarget;
			buildConfigurationList = 11A01EE1EDCD38F395B35E0E /* Build configuration list for PBXNativeTarget "ProjectTemplate" */;
			buildPhases = (
				C2BE407062384796342F9342 /* Sources */,
				7B5CB6F6B49EBE5C50CD47D4 /* Resources */,
				AFAF320823A4AD94678DC6CE /* Frameworks */,
			);
			buildRules = (
			);
			dependencies = (
			);
			name = ProjectTemplate;
			packageProductDependencies = (
				3922C4E11352353DF0D82BF0 /* AppNavigationKit */,
				FD51DB1891D6E1AE6F40EC30 /* UtilKit */,
				D701B92348609FE8E8E7EA70 /* NetworkKit */,
			);
			productName = ProjectTemplate;
			productReference = 8FB0AA18D7019C7F6F248C4C /* ProjectTemplate.app */;
			productType = "com.apple.product-type.application";
		};
/* End PBXNativeTarget section */

/* Begin PBXProject section */
		0F1262BE5E3EF371C91C7065 /* Project object */ = {
			isa = PBXProject;
			attributes = {
				BuildIndependentTargetsInParallel = YES;
				LastUpgradeCheck = 1430;
				TargetAttributes = {
					5DF585EED21D568097D8CF94 = {
						DevelopmentTeam = "$(DEVELOPMENT_TEAM)";
						ProvisioningStyle = Manual;
					};
				};
			};
			buildConfigurationList = CA2E9DD17C20E6A51966BF58 /* Build configuration list for PBXProject "ProjectTemplate" */;
			compatibilityVersion = "Xcode 14.0";
			developmentRegion = "pt-BR";
			hasScannedForEncodings = 0;
			knownRegions = (
				Base,
				"pt-BR",
			);
			mainGroup = 6541798260901698A092B41A;
			projectDirPath = "";
			projectRoot = "";
			targets = (
				5DF585EED21D568097D8CF94 /* ProjectTemplate */,
			);
		};
/* End PBXProject section */

/* Begin PBXResourcesBuildPhase section */
		7B5CB6F6B49EBE5C50CD47D4 /* Resources */ = {
			isa = PBXResourcesBuildPhase;
			buildActionMask = 2147483647;
			files = (
				B69C91C562E95DC1877D0CCD /* Assets.xcassets in Resources */,
				CB7CBA68D6535FE3CC7195F2 /* LaunchScreen.storyboard in Resources */,
				15FCC3A565A25A68A83CD98B /* Preview Assets.xcassets in Resources */,
			);
			runOnlyForDeploymentPostprocessing = 0;
		};
/* End PBXResourcesBuildPhase section */

/* Begin PBXSourcesBuildPhase section */
		C2BE407062384796342F9342 /* Sources */ = {
			isa = PBXSourcesBuildPhase;
			buildActionMask = 2147483647;
			files = (
				25F8166ECCDE99589C45ACD0 /* AnyIdentifiable.swift in Sources */,
				096D00124143BB6FBA6899EA /* AnyScreen.swift in Sources */,
				06EF85E6158BC0F1F469110D /* AppCoordinator.swift in Sources */,
				A2871D24581AF1FF12E715D7 /* AppCoordinatorProtocol.swift in Sources */,
				D7D4508742C9FF56A1335960 /* AppCoordinatorView.swift in Sources */,
				74EA89D5063DFF1F4921E48F /* AppDelegate.swift in Sources */,
				C0B3D23A8BE2191763CB4D97 /* HomeBuilder.swift in Sources */,
				12F21F7B92BD892852F09DC0 /* HomeCoordinator.swift in Sources */,
				C9AF70CCFA887C972E3EB7B5 /* HomeRoute.swift in Sources */,
				99406EEB6F2041CA33AA2FDD /* HomeService.swift in Sources */,
				4343B7DDC1C4A4FF3C9F803D /* HomeView.swift in Sources */,
				23001D3BA7D1C762A87F0005 /* HomeViewModel.swift in Sources */,
				597BAFFFD123DEC64EAAA489 /* SettingDetailBuilder.swift in Sources */,
				C9C67762E0E34C69B51BB8CE /* SettingDetailCoordinator.swift in Sources */,
				0607F514178B97152C91D19C /* SettingDetailRoute.swift in Sources */,
				77D4DC122CE4F12E003CD013 /* UserRepositoryResponse.swift in Sources */,
				15AD74617E6C4F8187F43106 /* SettingDetailService.swift in Sources */,
				7C2DF7117C4A58FE10A9BBDA /* SettingDetailView.swift in Sources */,
				EC98B51A236ADBBF783BD757 /* SettingDetailViewModel.swift in Sources */,
				1D0EDBB8C01B37158A771841 /* SettingsBuilder.swift in Sources */,
				77D4DC0C2CE4E9E6003CD013 /* RequestConfig.swift in Sources */,
				42A55E3A7CFAEA8D82CD7288 /* SettingsCoordinator.swift in Sources */,
				C353A445D97FCB87A03F5C5E /* SettingsRoute.swift in Sources */,
				ACDF6E5F0EBC9062224676ED /* SettingsService.swift in Sources */,
				F76377D390B1E98E3B920700 /* SettingsView.swift in Sources */,
				5EB104104B4CAC01569A8DAC /* SettingsViewModel.swift in Sources */,
				E0917D89DF68CC646BCA786F /* SwiftUI_templateApp.swift in Sources */,
			);
			runOnlyForDeploymentPostprocessing = 0;
		};
/* End PBXSourcesBuildPhase section */

/* Begin XCBuildConfiguration section */
		167FB73AB203A03F9D672F08 /* Development */ = {
			isa = XCBuildConfiguration;
			buildSettings = {
				ALWAYS_SEARCH_USER_PATHS = NO;
				CLANG_ANALYZER_NONNULL = YES;
				CLANG_ANALYZER_NUMBER_OBJECT_CONVERSION = YES_AGGRESSIVE;
				CLANG_CXX_LANGUAGE_STANDARD = "gnu++14";
				CLANG_CXX_LIBRARY = "libc++";
				CLANG_ENABLE_MODULES = YES;
				CLANG_ENABLE_OBJC_ARC = YES;
				CLANG_ENABLE_OBJC_WEAK = YES;
				CLANG_WARN_BLOCK_CAPTURE_AUTORELEASING = YES;
				CLANG_WARN_BOOL_CONVERSION = YES;
				CLANG_WARN_COMMA = YES;
				CLANG_WARN_CONSTANT_CONVERSION = YES;
				CLANG_WARN_DEPRECATED_OBJC_IMPLEMENTATIONS = YES;
				CLANG_WARN_DIRECT_OBJC_ISA_USAGE = YES_ERROR;
				CLANG_WARN_DOCUMENTATION_COMMENTS = YES;
				CLANG_WARN_EMPTY_BODY = YES;
				CLANG_WARN_ENUM_CONVERSION = YES;
				CLANG_WARN_INFINITE_RECURSION = YES;
				CLANG_WARN_INT_CONVERSION = YES;
				CLANG_WARN_NON_LITERAL_NULL_CONVERSION = YES;
				CLANG_WARN_OBJC_IMPLICIT_RETAIN_SELF = YES;
				CLANG_WARN_OBJC_LITERAL_CONVERSION = YES;
				CLANG_WARN_OBJC_ROOT_CLASS = YES_ERROR;
				CLANG_WARN_QUOTED_INCLUDE_IN_FRAMEWORK_HEADER = YES;
				CLANG_WARN_RANGE_LOOP_ANALYSIS = YES;
				CLANG_WARN_STRICT_PROTOTYPES = YES;
				CLANG_WARN_SUSPICIOUS_MOVE = YES;
				CLANG_WARN_UNGUARDED_AVAILABILITY = YES_AGGRESSIVE;
				CLANG_WARN_UNREACHABLE_CODE = YES;
				CLANG_WARN__DUPLICATE_METHOD_MATCH = YES;
				COPY_PHASE_STRIP = NO;
				DEBUG_INFORMATION_FORMAT = dwarf;
				ENABLE_STRICT_OBJC_MSGSEND = YES;
				ENABLE_TESTABILITY = YES;
				GCC_C_LANGUAGE_STANDARD = gnu11;
				GCC_DYNAMIC_NO_PIC = NO;
				GCC_NO_COMMON_BLOCKS = YES;
				GCC_OPTIMIZATION_LEVEL = 0;
				GCC_PREPROCESSOR_DEFINITIONS = (
					"$(inherited)",
					"DEBUG=1",
				);
				GCC_WARN_64_TO_32_BIT_CONVERSION = YES;
				GCC_WARN_ABOUT_RETURN_TYPE = YES_ERROR;
				GCC_WARN_UNDECLARED_SELECTOR = YES;
				GCC_WARN_UNINITIALIZED_AUTOS = YES_AGGRESSIVE;
				GCC_WARN_UNUSED_FUNCTION = YES;
				GCC_WARN_UNUSED_VARIABLE = YES;
				IPHONEOS_DEPLOYMENT_TARGET = 16.0;
				MTL_ENABLE_DEBUG_INFO = INCLUDE_SOURCE;
				MTL_FAST_MATH = YES;
				ONLY_ACTIVE_ARCH = YES;
				PRODUCT_NAME = "$(TARGET_NAME)";
				SDKROOT = iphoneos;
				SWIFT_ACTIVE_COMPILATION_CONDITIONS = DEBUG;
				SWIFT_OPTIMIZATION_LEVEL = "-Onone";
				SWIFT_VERSION = 5.0;
			};
			name = Development;
		};
		492B30AA9AC6E8EEF2355764 /* Production */ = {
			isa = XCBuildConfiguration;
			baseConfigurationReference = D61A9E574BCA3D1E9249F94B /* prd.xcconfig */;
			buildSettings = {
				ASSETCATALOG_COMPILER_APPICON_NAME = "$(APP_ICON)";
				CODE_SIGN_ENTITLEMENTS = Config/ProjectTemplate.entitlements;
				CODE_SIGN_IDENTITY = "iPhone Distribution";
				CODE_SIGN_STYLE = Manual;
				CURRENT_PROJECT_VERSION = "$(CURRENT_PROJECT_VERSION)";
				DEBUG_INFORMATION_FORMAT = "dwarf-with-dsym";
				DEVELOPMENT_TEAM = "$(DEVELOPMENT_TEAM)";
				FRAMEWORK_SEARCH_PATHS = (
					"$(inherited)",
					"$(PROJECT_DIR)",
				);
				INFOPLIST_FILE = Config/Info.plist;
				LD_RUNPATH_SEARCH_PATHS = (
					"$(inherited)",
					"@executable_path/Frameworks",
				);
				ONLY_ACTIVE_ARCH = YES;
				OTHER_LDFLAGS = (
					"$(inherited)",
					"-ObjC",
				);
				PRODUCT_NAME = "$(PRODUCT_NAME)";
				PROVISIONING_PROFILE_SPECIFIER = "$(PROVISIONING_PROFILE_SPECIFIER)";
				SDKROOT = iphoneos;
				SWIFT_VERSION = "$(SWIFT_VERSION)";
				TARGETED_DEVICE_FAMILY = "1,2";
			};
			name = Production;
		};
		A287C16BE1B302DD330EE750 /* Development */ = {
			isa = XCBuildConfiguration;
			baseConfigurationReference = FF09B246AF7C9655E4C53262 /* dev.xcconfig */;
			buildSettings = {
				ASSETCATALOG_COMPILER_APPICON_NAME = "$(APP_ICON)";
				CODE_SIGN_ENTITLEMENTS = Config/ProjectTemplate.entitlements;
				CODE_SIGN_IDENTITY = "iPhone Distribution";
				CODE_SIGN_STYLE = Manual;
				CURRENT_PROJECT_VERSION = "$(CURRENT_PROJECT_VERSION)";
				DEBUG_INFORMATION_FORMAT = "dwarf-with-dsym";
				DEVELOPMENT_TEAM = "$(DEVELOPMENT_TEAM)";
				FRAMEWORK_SEARCH_PATHS = (
					"$(inherited)",
					"$(PROJECT_DIR)",
				);
				INFOPLIST_FILE = Config/Info.plist;
				LD_RUNPATH_SEARCH_PATHS = (
					"$(inherited)",
					"@executable_path/Frameworks",
				);
				ONLY_ACTIVE_ARCH = YES;
				OTHER_LDFLAGS = (
					"$(inherited)",
					"-ObjC",
				);
				PRODUCT_NAME = "$(PRODUCT_NAME)";
				PROVISIONING_PROFILE_SPECIFIER = "$(PROVISIONING_PROFILE_SPECIFIER)";
				SDKROOT = iphoneos;
				SWIFT_VERSION = "$(SWIFT_VERSION)";
				TARGETED_DEVICE_FAMILY = "1,2";
			};
			name = Development;
		};
		AED5433362BFAA2E439BC404 /* Production */ = {
			isa = XCBuildConfiguration;
			buildSettings = {
				ALWAYS_SEARCH_USER_PATHS = NO;
				CLANG_ANALYZER_NONNULL = YES;
				CLANG_ANALYZER_NUMBER_OBJECT_CONVERSION = YES_AGGRESSIVE;
				CLANG_CXX_LANGUAGE_STANDARD = "gnu++14";
				CLANG_CXX_LIBRARY = "libc++";
				CLANG_ENABLE_MODULES = YES;
				CLANG_ENABLE_OBJC_ARC = YES;
				CLANG_ENABLE_OBJC_WEAK = YES;
				CLANG_WARN_BLOCK_CAPTURE_AUTORELEASING = YES;
				CLANG_WARN_BOOL_CONVERSION = YES;
				CLANG_WARN_COMMA = YES;
				CLANG_WARN_CONSTANT_CONVERSION = YES;
				CLANG_WARN_DEPRECATED_OBJC_IMPLEMENTATIONS = YES;
				CLANG_WARN_DIRECT_OBJC_ISA_USAGE = YES_ERROR;
				CLANG_WARN_DOCUMENTATION_COMMENTS = YES;
				CLANG_WARN_EMPTY_BODY = YES;
				CLANG_WARN_ENUM_CONVERSION = YES;
				CLANG_WARN_INFINITE_RECURSION = YES;
				CLANG_WARN_INT_CONVERSION = YES;
				CLANG_WARN_NON_LITERAL_NULL_CONVERSION = YES;
				CLANG_WARN_OBJC_IMPLICIT_RETAIN_SELF = YES;
				CLANG_WARN_OBJC_LITERAL_CONVERSION = YES;
				CLANG_WARN_OBJC_ROOT_CLASS = YES_ERROR;
				CLANG_WARN_QUOTED_INCLUDE_IN_FRAMEWORK_HEADER = YES;
				CLANG_WARN_RANGE_LOOP_ANALYSIS = YES;
				CLANG_WARN_STRICT_PROTOTYPES = YES;
				CLANG_WARN_SUSPICIOUS_MOVE = YES;
				CLANG_WARN_UNGUARDED_AVAILABILITY = YES_AGGRESSIVE;
				CLANG_WARN_UNREACHABLE_CODE = YES;
				CLANG_WARN__DUPLICATE_METHOD_MATCH = YES;
				COPY_PHASE_STRIP = NO;
				DEBUG_INFORMATION_FORMAT = "dwarf-with-dsym";
				ENABLE_NS_ASSERTIONS = NO;
				ENABLE_STRICT_OBJC_MSGSEND = YES;
				GCC_C_LANGUAGE_STANDARD = gnu11;
				GCC_NO_COMMON_BLOCKS = YES;
				GCC_WARN_64_TO_32_BIT_CONVERSION = YES;
				GCC_WARN_ABOUT_RETURN_TYPE = YES_ERROR;
				GCC_WARN_UNDECLARED_SELECTOR = YES;
				GCC_WARN_UNINITIALIZED_AUTOS = YES_AGGRESSIVE;
				GCC_WARN_UNUSED_FUNCTION = YES;
				GCC_WARN_UNUSED_VARIABLE = YES;
				IPHONEOS_DEPLOYMENT_TARGET = 16.0;
				MTL_ENABLE_DEBUG_INFO = NO;
				MTL_FAST_MATH = YES;
				PRODUCT_NAME = "$(TARGET_NAME)";
				SDKROOT = iphoneos;
				SWIFT_COMPILATION_MODE = wholemodule;
				SWIFT_OPTIMIZATION_LEVEL = "-O";
				SWIFT_VERSION = 5.0;
			};
			name = Production;
		};
/* End XCBuildConfiguration section */

/* Begin XCConfigurationList section */
		11A01EE1EDCD38F395B35E0E /* Build configuration list for PBXNativeTarget "ProjectTemplate" */ = {
			isa = XCConfigurationList;
			buildConfigurations = (
				A287C16BE1B302DD330EE750 /* Development */,
				492B30AA9AC6E8EEF2355764 /* Production */,
			);
			defaultConfigurationIsVisible = 0;
			defaultConfigurationName = Development;
		};
		CA2E9DD17C20E6A51966BF58 /* Build configuration list for PBXProject "ProjectTemplate" */ = {
			isa = XCConfigurationList;
			buildConfigurations = (
				167FB73AB203A03F9D672F08 /* Development */,
				AED5433362BFAA2E439BC404 /* Production */,
			);
			defaultConfigurationIsVisible = 0;
			defaultConfigurationName = Development;
		};
/* End XCConfigurationList section */

/* Begin XCSwiftPackageProductDependency section */
		3922C4E11352353DF0D82BF0 /* AppNavigationKit */ = {
			isa = XCSwiftPackageProductDependency;
			productName = AppNavigationKit;
		};
		D701B92348609FE8E8E7EA70 /* NetworkKit */ = {
			isa = XCSwiftPackageProductDependency;
			productName = NetworkKit;
		};
		FD51DB1891D6E1AE6F40EC30 /* UtilKit */ = {
			isa = XCSwiftPackageProductDependency;
			productName = UtilKit;
		};
/* End XCSwiftPackageProductDependency section */
	};
	rootObject = 0F1262BE5E3EF371C91C7065 /* Project object */;
}
